{
  "name": "my-paycheck-app",
  "version": "0.0.0",
  "lockfileVersion": 3,
  "requires": true,
  "packages": {
    "": {
      "name": "my-paycheck-app",
      "version": "0.0.0",
      "dependencies": {
        "react": "^18.2.0",
        "react-dom": "^18.2.0"
      },
      "devDependencies": {
        "@types/react": "^18.0.27",
        "@types/react-dom": "^18.0.10",
        "@vitejs/plugin-react": "^3.1.0",
        "typescript": "^4.9.3",
        "vite": "^4.1.0"
      }
    },
    "node_modules/@babel/parser": {
      "version": "7.24.7",
      "resolved": "https://registry.npmjs.org/@babel/parser/-/parser-7.24.7.tgz",
      "integrity": "sha512-wGy4JITL4Y258TfT3g6t/QyzytT4sPz6AAS2bNa12dFPsIHm/f2v1j6EAD4K38s2i2L2Jz5e5LKU/q49Uqj41g==",
      "dev": true,
      "license": "MIT",
      "engines": {
        "node": ">=6.0.0"
      }
    },
    "node_modules/@types/prop-types": {
      "version": "15.7.12",
      "resolved": "https://registry.npmjs.org/@types/prop-types/-/prop-types-15.7.12.tgz",
      "integrity": "sha512-5zvhXYS3icfXQnS/TMyx2XQy5sB3fI3bsjlo45nRJ8YJ2v2L7x0h1BEi0pM4kSt2VOI5mwB8D5k9t7I+44yMEQ==",
      "dev": true,
      "license": "MIT"
    },
    "node_modules/@types/react": {
      "version": "18.0.28",
      "resolved": "https://registry.npmjs.org/@types/react/-/react-18.0.28.tgz",
      "integrity": "sha512-11xrm5JcVXo8Az9d2e4s2TJEX33EEoGM0DEiw/WWz3J++Sg6z+Sjnf9a8SAFFoY0pCUS2+1P1HML0+G03J5+rA==",
      "dev": true,
      "dependencies": {
        "@types/prop-types": "*",
        "csstype": "^3.0.2"
      }
    },
    "node_modules/@types/react-dom": {
      "version": "18.0.11",
      "resolved": "https://registry.npmjs.org/@types/react-dom/-/react-dom-18.0.11.tgz",
      "integrity": "sha512-O38bPbI2CWU34nEYX1bOKoJv3o3+d252nZ4L8M47J8i3od20RX812mk4MvY26t424rHViH3pT0eDk2CVxs0jTQ==",
      "dev": true,
      "dependencies": {
        "@types/react": "*"
      }
    },
    "node_modules/@vitejs/plugin-react": {
      "version": "3.1.0",
      "resolved": "https://registry.npmjs.org/@vitejs/plugin-react/-/plugin-react-3.1.0.tgz",
      "integrity": "sha512-iHchb+4p5+jVj2hLD44IaKLa5g1v7b8c7P7v7S2s34gP59fcsz/O/u/JWhw2NaMfwxXvWqfL+V0bJ4jWX5fNJA==",
      "dev": true,
      "dependencies": {
        "@babel/parser": "^7.20.7",
        "react-refresh": "^0.14.0"
      },
      "engines": {
        "node": ">=14.18.0"
      },
      "peerDependencies": {
        "vite": "^3.2.0 || ^4.0.0"
      }
    },
    "node_modules/csstype": {
      "version": "3.1.3",
      "resolved": "https://registry.npmjs.org/csstype/-/csstype-3.1.3.tgz",
      "integrity": "sha512-M1uQkMl8rQK/szD0LNhtcwDiFAR9aK6p3lo6cu5F1sV27YD2xIkN0d2psT2kdgKbsQp5D2wM3N3AIZlFB2ETBw==",
      "dev": true,
      "license": "MIT"
    },
    "node_modules/esbuild": {
      "version": "0.17.19",
      "resolved": "https://registry.npmjs.org/esbuild/-/esbuild-0.17.19.tgz",
      "integrity": "sha512-sAVdMbrb/N3+s1VOhXm+WjwupA5vQNDVxyutlBf1n/d7n5iX/8rDdLn34pXv7QaPcs2wUdKq1f3i4IouYvG2wQ==",
      "dev": true,
      "hasInstallScript": true,
      "license": "MIT",
      "bin": {
        "esbuild": "bin/esbuild"
      },
      "engines": {
        "node": ">=12"
      },
      "optionalDependencies": {
        "@esbuild/android-arm": "0.17.19",
        "@esbuild/android-arm64": "0.17.19",
        "@esbuild/android-x64": "0.17.19",
        "@esbuild/darwin-arm64": "0.17.19",
        "@esbuild/darwin-x64": "0.17.19",
        "@esbuild/freebsd-arm64": "0.17.19",
        "@esbuild/freebsd-x64": "0.17.19",
        "@esbuild/linux-arm": "0.17.19",
        "@esbuild/linux-arm64": "0.17.19",
        "@esbuild/linux-ia32": "0.17.19",
        "@esbuild/linux-loong64": "0.17.19",
        "@esbuild/linux-mips64el": "0.17.19",
        "@esbuild/linux-ppc64": "0.17.19",
        "@esbuild/linux-riscv64": "0.17.19",
        "@esbuild/linux-s390x": "0.17.19",
        "@esbuild/linux-x64": "0.17.19",
        "@esbuild/netbsd-x64": "0.17.19",
        "@esbuild/openbsd-x64": "0.17.19",
        "@esbuild/sunos-x64": "0.17.19",
        "@esbuild/win32-arm64": "0.17.19",
        "@esbuild/win32-ia32": "0.17.19",
        "@esbuild/win32-x64": "0.17.19"
      }
    },
    "node_modules/fsevents": {
      "version": "2.3.3",
      "resolved": "https://registry.npmjs.org/fsevents/-/fsevents-2.3.3.tgz",
      "integrity": "sha512-5rrqanwRTSOK2za+gE0lQskTcPU2p7sRk0Knl5VE7w4a3sGsGOJTFIO0fhxLpEkWlihTSz04fFdAsLSbFcUe9A==",
      "dev": true,
      "license": "MIT",
      "optional": true,
      "os": [
        "darwin"
      ],
      "engines": {
        "node": "^8.16.0 || ^10.6.0 || >=11.0.0"
      }
    },
    "node_modules/js-tokens": {
      "version": "4.0.0",
      "resolved": "https://registry.npmjs.org/js-tokens/-/js-tokens-4.0.0.tgz",
      "integrity": "sha512-RdJUflcE3cUzKiMqQgsCu06FPu9UdIJO0beYbPhHN4k6apgJtifcoCtT9bcxOpYBtpD2kCM6Sbzg4CausW/PKQ==",
      "license": "MIT"
    },
    "node_modules/loose-envify": {
      "version": "1.4.0",
      "resolved": "https://registry.npmjs.org/loose-envify/-/loose-envify-1.4.0.tgz",
      "integrity": "sha512-lyuxPGr/Wfhrlem2CL/UcnUc1zcqKAImBDzukY7Y5F/yQiNdko6+fRLevlw1HgMySw7f611UIY408EtxRSoK3Q==",
      "dependencies": {
        "js-tokens": "^3.0.0 || ^4.0.0"
      },
      "bin": {
        "loose-envify": "cli.js"
      }
    },
    "node_modules/nanoid": {
      "version": "3.3.7",
      "resolved": "https://registry.npmjs.org/nanoid/-/nanoid-3.3.7.tgz",
      "integrity": "sha512-eSRppjcPIatj0UASdeaYeNsRBmAm2wRy3G3iOPdMRsIa8eEgeJhNano8cosv3fMScjiF2CVcu2sVWyO7O7aw2w==",
      "dev": true,
      "funding": [
        {
          "type": "github",
          "url": "https://github.com/sponsors/ai"
        }
      ],
      "license": "MIT",
      "bin": {
        "nanoid": "bin/nanoid.cjs"
      },
      "engines": {
        "node": "^10 || ^12 || ^13.7 || ^14 || >=15.0.1"
      }
    },
    "node_modules/picocolors": {
      "version": "1.0.1",
      "resolved": "https://registry.npmjs.org/picocolors/-/picocolors-1.0.1.tgz",
      "integrity": "sha512-anQDJ0D05wNz3r+19/7hS2/2eP6cu9n2TDa9D62Q22bIMd00QPJkCrn2+2vfg+0gr/v96Cdv43LzWjWk/3o6dQ==",
      "dev": true,
      "license": "ISC"
    },
    "node_modules/postcss": {
      "version": "8.4.38",
      "resolved": "https://registry.npmjs.org/postcss/-/postcss-8.4.38.tgz",
      "integrity": "sha512-oWwK+t34bBf+Pt99F12ubPKi9QOr0jTj7k8/MjdSn1T6M2zcegeBGp2PmvG/49R+Oq24o3t0kP+k93Zp3g7fDQ==",
      "dev": true,
      "funding": [
        {
          "type": "opencollective",
          "url": "https://opencollective.com/postcss/"
        },
        {
          "type": "tidelift",
          "url": "https://tidelift.com/funding/github/npm/postcss"
        },
        {
          "type": "github",
          "url": "https://github.com/sponsors/ai"
        }
      ],
      "dependencies": {
        "nanoid": "^3.3.7",
        "picocolors": "^1.0.0",
        "source-map-js": "^1.0.2"
      },
      "engines": {
        "node": "^10 || ^12 || >=14"
      }
    },
    "node_modules/react": {
      "version": "18.2.0",
      "resolved": "https://registry.npmjs.org/react/-/react-18.2.0.tgz",
      "integrity": "sha512-/3IjMdbBdnDYiConfig/sKSoFmsdwSOBacPD2XjoEOJMLH8Evidb1I4B2g2lBKH232Co2AQ5wbn8mCWb7erTTsg==",
      "dependencies": {
        "loose-envify": "^1.1.0"
      },
      "engines": {
        "node": ">=0.10.0"
      }
    },
    "node_modules/react-dom": {
      "version": "18.2.0",
      "resolved": "https://registry.npmjs.org/react-dom/-/react-dom-18.2.0.tgz",
      "integrity": "sha512-6IMTriUmvsjHUjNtEDudZfuDQUoWzZXnwi0c_vIS2TU5sFrzMeyCo3XRpVSSvsUm2ADaMathQ8ET2EZ2T0AKwA==",
      "dependencies": {
        "loose-envify": "^1.1.0",
        "scheduler": "^0.23.0"
      },
      "peerDependencies": {
        "react": "^18.2.0"
      }
    },
    "node_modules/react-refresh": {
      "version": "0.14.2",
      "resolved": "https://registry.npmjs.org/react-refresh/-/react-refresh-0.14.2.tgz",
      "integrity": "sha512-29IJ2w8IuGnbW/mkbQvVb3uJ/m4+SrBvj0Q8V2PZ2c21N2WKkS5y41Q74JzPNSX1QzB2fW+nLpE/+8j/mafEA==",
      "dev": true,
      "license": "MIT",
      "engines": {
        "node": ">=0.10.0"
      }
    },
    "node_modules/rollup": {
      "version": "3.29.4",
      "resolved": "https://registry.npmjs.org/rollup/-/rollup-3.29.4.tgz",
      "integrity": "sha512-qgPxQ0pMu2IeAP60QoJ8srPuyb5c9psgO0gACuD+2s51r0k/4nUePTY7gp2T2o+aRGQc8GPK3e9Fh6kHVFz3dg==",
      "dev": true,
      "license": "MIT",
      "bin": {
        "rollup": "dist/bin/rollup"
      },
      "engines": {
        "node": ">=14.18.0",
        "npm": ">=8.0.0"
      },
      "optionalDependencies": {
        "fsevents": "~2.3.2"
      }
    },
    "node_modules/scheduler": {
      "version": "0.23.0",
      "resolved": "https://registry.npmjs.org/scheduler/-/scheduler-0.23.0.tgz",
      "integrity": "sha512-CtuThmgVfw71SyqVOHNs/3T3ijR4A0dOAbRRkCUNAy4jsnL4aU+qAHDa+s7mLDhkSOEu9T11UhxAeMCle5MEcA==",
      "dependencies": {
        "loose-envify": "^1.1.0"
      }
    },
    "node_modules/source-map-js": {
      "version": "1.2.0",
      "resolved": "https://registry.npmjs.org/source-map-js/-/source-map-js-1.2.0.tgz",
      "integrity": "sha512-itJW8lvSA0imCmpzdnyx2Y3IXCiFRU63Tbskv+QSP34s32q1Ez6iK6Gz3l2p2yPj0p4goO433v5+m1eL2p3KQA==",
      "dev": true,
      "license": "BSD-3-Clause",
      "engines": {
        "node": ">=0.10.0"
      }
    },
    "node_modules/typescript": {
      "version": "4.9.5",
      "resolved": "https://registry.npmjs.org/typescript/-/typescript-4.9.5.tgz",
      "integrity": "sha512-1FXk9E2Hm+QzZQ7z+McJiHL4NW1F2EzMu9Nq9i3zAaGqibafqYwCVU6WyWAuyQRRzOlxou8xZSyXLEN8oKj24g==",
      "dev": true,
      "license": "Apache-2.0",
      "bin": {
        "tsc": "bin/tsc",
        "tsserver": "bin/tsserver"
      },
      "engines": {
        "node": ">=4.2.0"
      }
    },
    "node_modules/vite": {
      "version": "4.1.5",
      "resolved": "https://registry.npmjs.org/vite/-/vite-4.1.5.tgz",
      "integrity": "sha512-xQW0D7grDIg3D0kP6uAM0F62m2zG0ot8ZqjN2fTDb1SAJpmo0vYk2Mpwk3aWkA9v2eYxlqft/cOMVd70v/4p8w==",
      "dev": true,
      "dependencies": {
        "esbuild": "^0.17.8",
        "postcss": "^8.4.21",
        "resolve.exports": "^1.1.0",
        "rollup": "^3.15.0"
      },
      "bin": {
        "vite": "bin/vite.js"
      },
      "engines": {
        "node": "^14.18.0 || >=16.0.0"
      },
      "optionalDependencies": {
        "fsevents": "~2.3.2"
      },
      "peerDependencies": {
        "@types/node": "^14.18.0 || >=16.0.0",
        "less": "*",
        "lightningcss": "^1.19.0",
        "sass": "*",
        "stylus": "*",
        "sugarss": "*",
        "terser": "^5.16.2"
      },
      "peerDependenciesMeta": {
        "@types/node": {
          "optional": true
        },
        "less": {
          "optional": true
        },
        "lightningcss": {
          "optional": true
        },
        "sass": {
          "optional": true
        },
        "stylus": {
          "optional": true
        },
        "sugarss": {
          "optional": true
        },
        "terser": {
          "optional": true
        }
      }
    },
    "node_modules/resolve.exports": {
      "version": "1.1.0",
      "resolved": "https://registry.npmjs.org/resolve.exports/-/resolve.exports-1.1.0.tgz",
      "integrity": "sha512-J33h5sL5Kj5I06s6sJdCZ/32YyYbg9d6f30KzP83FvTr9uS8y3dI0/tQW7cES1gG0lm7gQ9jhb2TqjG6e3O4Q==",
      "dev": true,
      "license": "MIT",
      "engines": {
        "node": ">=10"
      }
    }
  }
}
